
Microsoft Visual Studio Solution File, Format Version 12.00
# Visual Studio Version 17
VisualStudioVersion = 17.11.35327.3
MinimumVisualStudioVersion = 10.0.40219.1
Project("{9A19103F-16F7-4668-BE54-9A1E7A4F7556}") = "BPSTest.ADLS", "BPSTest\BPSTest.ADLS.csproj", "{75B1BA02-C846-4E4E-9233-358A2FB6758A}"
EndProject
Global
	GlobalSection(SolutionConfigurationPlatforms) = preSolution
		Debug|Any CPU = Debug|Any CPU
		Release|Any CPU = Release|Any CPU
	EndGlobalSection
	GlobalSection(ProjectConfigurationPlatforms) = postSolution
		{75B1BA02-C846-4E4E-9233-358A2FB6758A}.Debug|Any CPU.ActiveCfg = Debug|Any CPU
		{75B1BA02-C846-4E4E-9233-358A2FB6758A}.Debug|Any CPU.Build.0 = Debug|Any CPU
		{75B1BA02-C846-4E4E-9233-358A2FB6758A}.Release|Any CPU.ActiveCfg = Release|Any CPU
		{75B1BA02-C846-4E4E-9233-358A2FB6758A}.Release|Any CPU.Build.0 = Release|Any CPU
	EndGlobalSection
	GlobalSection(SolutionProperties) = preSolution
		HideSolutionNode = FALSE
	EndGlobalSection
	GlobalSection(ExtensibilityGlobals) = postSolution
		SolutionGuid = {B57391C5-A826-4A83-8D29-4C625D04734E}
	EndGlobalSection
EndGlobal
